
Microsoft Visual Studio Solution File, Format Version 12.00
# Visual Studio 15
VisualStudioVersion = 15.0.26430.6
MinimumVisualStudioVersion = 10.0.40219.1
Project("{FAE04EC0-301F-11D3-BF4B-00C04F79EFBC}") = "SqueletteImplantation", "SqueletteImplantation\SqueletteImplantation.csproj", "{7586A4D8-78A0-40E1-B600-0EDF8975DDC2}"
EndProject
Project("{9A19103F-16F7-4668-BE54-9A1E7A4F7556}") = "SqueletteTests", "SqueletteTests\SqueletteTests.csproj", "{4CF8FD05-0AF7-49BC-A1BF-6D2FE62D8301}"
EndProject
Global
	GlobalSection(SolutionConfigurationPlatforms) = preSolution
		Debug|Any CPU = Debug|Any CPU
		Release|Any CPU = Release|Any CPU
	EndGlobalSection
	GlobalSection(ProjectConfigurationPlatforms) = postSolution
		{7586A4D8-78A0-40E1-B600-0EDF8975DDC2}.Debug|Any CPU.ActiveCfg = Debug|Any CPU
		{7586A4D8-78A0-40E1-B600-0EDF8975DDC2}.Debug|Any CPU.Build.0 = Debug|Any CPU
		{7586A4D8-78A0-40E1-B600-0EDF8975DDC2}.Release|Any CPU.ActiveCfg = Release|Any CPU
		{7586A4D8-78A0-40E1-B600-0EDF8975DDC2}.Release|Any CPU.Build.0 = Release|Any CPU
		{4CF8FD05-0AF7-49BC-A1BF-6D2FE62D8301}.Debug|Any CPU.ActiveCfg = Debug|Any CPU
		{4CF8FD05-0AF7-49BC-A1BF-6D2FE62D8301}.Debug|Any CPU.Build.0 = Debug|Any CPU
		{4CF8FD05-0AF7-49BC-A1BF-6D2FE62D8301}.Release|Any CPU.ActiveCfg = Release|Any CPU
		{4CF8FD05-0AF7-49BC-A1BF-6D2FE62D8301}.Release|Any CPU.Build.0 = Release|Any CPU
	EndGlobalSection
	GlobalSection(SolutionProperties) = preSolution
		HideSolutionNode = FALSE
	EndGlobalSection
EndGlobal
